
Microsoft Visual Studio Solution File, Format Version 12.00
# Visual Studio Version 17
VisualStudioVersion = 17.11.35219.272
MinimumVisualStudioVersion = 10.0.40219.1
Project("{8BC9CEB8-8B4A-11D0-8D11-00A0C91BC942}") = "bcfEngine", "bcfEngine\bcfEngine.vcxproj", "{BE5ED7B3-4EBB-4B5B-9AD4-2D9C58801DFC}"
EndProject
Project("{FAE04EC0-301F-11D3-BF4B-00C04F79EFBC}") = "RDF.BCF", "RDF.BCF\RDF.BCF.csproj", "{FFB4F2F2-0A4E-4C53-85EB-76938992977C}"
	ProjectSection(ProjectDependencies) = postProject
		{BE5ED7B3-4EBB-4B5B-9AD4-2D9C58801DFC} = {BE5ED7B3-4EBB-4B5B-9AD4-2D9C58801DFC}
	EndProjectSection
EndProject
Project("{FAE04EC0-301F-11D3-BF4B-00C04F79EFBC}") = "CSExample", "CSExample\CSExample.csproj", "{478CE33A-9F4C-4890-9F97-2FC438401E64}"
	ProjectSection(ProjectDependencies) = postProject
		{FFB4F2F2-0A4E-4C53-85EB-76938992977C} = {FFB4F2F2-0A4E-4C53-85EB-76938992977C}
	EndProjectSection
EndProject
Global
	GlobalSection(SolutionConfigurationPlatforms) = preSolution
		Debug|Any CPU = Debug|Any CPU
		Debug|Win32 = Debug|Win32
		Debug|x64 = Debug|x64
		Release|Any CPU = Release|Any CPU
		Release|Win32 = Release|Win32
		Release|x64 = Release|x64
		Static_Dbg|Any CPU = Static_Dbg|Any CPU
		Static_Dbg|Win32 = Static_Dbg|Win32
		Static_Dbg|x64 = Static_Dbg|x64
		Static_Rel|Any CPU = Static_Rel|Any CPU
		Static_Rel|Win32 = Static_Rel|Win32
		Static_Rel|x64 = Static_Rel|x64
	EndGlobalSection
	GlobalSection(ProjectConfigurationPlatforms) = postSolution
		{BE5ED7B3-4EBB-4B5B-9AD4-2D9C58801DFC}.Debug|Any CPU.ActiveCfg = Debug|x64
		{BE5ED7B3-4EBB-4B5B-9AD4-2D9C58801DFC}.Debug|Win32.ActiveCfg = Debug|Win32
		{BE5ED7B3-4EBB-4B5B-9AD4-2D9C58801DFC}.Debug|x64.ActiveCfg = Debug|x64
		{BE5ED7B3-4EBB-4B5B-9AD4-2D9C58801DFC}.Debug|x64.Build.0 = Debug|x64
		{BE5ED7B3-4EBB-4B5B-9AD4-2D9C58801DFC}.Release|Any CPU.ActiveCfg = Release|x64
		{BE5ED7B3-4EBB-4B5B-9AD4-2D9C58801DFC}.Release|Win32.ActiveCfg = Release|Win32
		{BE5ED7B3-4EBB-4B5B-9AD4-2D9C58801DFC}.Release|x64.ActiveCfg = Release|x64
		{BE5ED7B3-4EBB-4B5B-9AD4-2D9C58801DFC}.Release|x64.Build.0 = Release|x64
		{BE5ED7B3-4EBB-4B5B-9AD4-2D9C58801DFC}.Static_Dbg|Any CPU.ActiveCfg = Static_Dbg|x64
		{BE5ED7B3-4EBB-4B5B-9AD4-2D9C58801DFC}.Static_Dbg|Win32.ActiveCfg = Static_Dbg|Win32
		{BE5ED7B3-4EBB-4B5B-9AD4-2D9C58801DFC}.Static_Dbg|Win32.Build.0 = Static_Dbg|Win32
		{BE5ED7B3-4EBB-4B5B-9AD4-2D9C58801DFC}.Static_Dbg|x64.ActiveCfg = Static_Dbg|x64
		{BE5ED7B3-4EBB-4B5B-9AD4-2D9C58801DFC}.Static_Dbg|x64.Build.0 = Static_Dbg|x64
		{BE5ED7B3-4EBB-4B5B-9AD4-2D9C58801DFC}.Static_Rel|Any CPU.ActiveCfg = Static_Rel|x64
		{BE5ED7B3-4EBB-4B5B-9AD4-2D9C58801DFC}.Static_Rel|Win32.ActiveCfg = Static_Rel|Win32
		{BE5ED7B3-4EBB-4B5B-9AD4-2D9C58801DFC}.Static_Rel|Win32.Build.0 = Static_Rel|Win32
		{BE5ED7B3-4EBB-4B5B-9AD4-2D9C58801DFC}.Static_Rel|x64.ActiveCfg = Static_Rel|x64
		{BE5ED7B3-4EBB-4B5B-9AD4-2D9C58801DFC}.Static_Rel|x64.Build.0 = Static_Rel|x64
		{FFB4F2F2-0A4E-4C53-85EB-76938992977C}.Debug|Any CPU.ActiveCfg = Debug|Any CPU
		{FFB4F2F2-0A4E-4C53-85EB-76938992977C}.Debug|Win32.ActiveCfg = Debug|Any CPU
		{FFB4F2F2-0A4E-4C53-85EB-76938992977C}.Debug|x64.ActiveCfg = Debug|Any CPU
		{FFB4F2F2-0A4E-4C53-85EB-76938992977C}.Debug|x64.Build.0 = Debug|Any CPU
		{FFB4F2F2-0A4E-4C53-85EB-76938992977C}.Release|Any CPU.ActiveCfg = Release|Any CPU
		{FFB4F2F2-0A4E-4C53-85EB-76938992977C}.Release|Win32.ActiveCfg = Release|Any CPU
		{FFB4F2F2-0A4E-4C53-85EB-76938992977C}.Release|x64.ActiveCfg = Release|Any CPU
		{FFB4F2F2-0A4E-4C53-85EB-76938992977C}.Release|x64.Build.0 = Release|Any CPU
		{FFB4F2F2-0A4E-4C53-85EB-76938992977C}.Static_Dbg|Any CPU.ActiveCfg = Debug|Any CPU
		{FFB4F2F2-0A4E-4C53-85EB-76938992977C}.Static_Dbg|Win32.ActiveCfg = Debug|Any CPU
		{FFB4F2F2-0A4E-4C53-85EB-76938992977C}.Static_Dbg|x64.ActiveCfg = Debug|Any CPU
		{FFB4F2F2-0A4E-4C53-85EB-76938992977C}.Static_Rel|Any CPU.ActiveCfg = Debug|Any CPU
		{FFB4F2F2-0A4E-4C53-85EB-76938992977C}.Static_Rel|Win32.ActiveCfg = Debug|Any CPU
		{FFB4F2F2-0A4E-4C53-85EB-76938992977C}.Static_Rel|x64.ActiveCfg = Debug|Any CPU
		{478CE33A-9F4C-4890-9F97-2FC438401E64}.Debug|Any CPU.ActiveCfg = Debug|Any CPU
		{478CE33A-9F4C-4890-9F97-2FC438401E64}.Debug|Win32.ActiveCfg = Debug|Any CPU
		{478CE33A-9F4C-4890-9F97-2FC438401E64}.Debug|x64.ActiveCfg = Debug|Any CPU
		{478CE33A-9F4C-4890-9F97-2FC438401E64}.Debug|x64.Build.0 = Debug|Any CPU
		{478CE33A-9F4C-4890-9F97-2FC438401E64}.Release|Any CPU.ActiveCfg = Release|Any CPU
		{478CE33A-9F4C-4890-9F97-2FC438401E64}.Release|Win32.ActiveCfg = Release|Any CPU
		{478CE33A-9F4C-4890-9F97-2FC438401E64}.Release|x64.ActiveCfg = Release|Any CPU
		{478CE33A-9F4C-4890-9F97-2FC438401E64}.Release|x64.Build.0 = Release|Any CPU
		{478CE33A-9F4C-4890-9F97-2FC438401E64}.Static_Dbg|Any CPU.ActiveCfg = Debug|Any CPU
		{478CE33A-9F4C-4890-9F97-2FC438401E64}.Static_Dbg|Win32.ActiveCfg = Debug|Any CPU
		{478CE33A-9F4C-4890-9F97-2FC438401E64}.Static_Dbg|x64.ActiveCfg = Debug|Any CPU
		{478CE33A-9F4C-4890-9F97-2FC438401E64}.Static_Rel|Any CPU.ActiveCfg = Debug|Any CPU
		{478CE33A-9F4C-4890-9F97-2FC438401E64}.Static_Rel|Win32.ActiveCfg = Debug|Any CPU
		{478CE33A-9F4C-4890-9F97-2FC438401E64}.Static_Rel|x64.ActiveCfg = Debug|Any CPU
	EndGlobalSection
	GlobalSection(SolutionProperties) = preSolution
		HideSolutionNode = FALSE
	EndGlobalSection
	GlobalSection(ExtensibilityGlobals) = postSolution
		SolutionGuid = {41B7A76E-9FA2-4A7B-907F-D9DE6C5F2C03}
	EndGlobalSection
EndGlobal
