<?xml version="1.0" encoding="utf-8"?>
<Project ToolsVersion="4.0" xmlns="http://schemas.microsoft.com/developer/msbuild/2003">
  <ItemGroup>
    <Filter Include="Source Files">
      <UniqueIdentifier>{4FC737F1-C7A5-4376-A066-2A32D752A2FF}</UniqueIdentifier>
      <Extensions>cpp;c;cc;cxx;c++;cppm;ixx;def;odl;idl;hpj;bat;asm;asmx</Extensions>
    </Filter>
    <Filter Include="Resource Files">
      <UniqueIdentifier>{67DA6AB6-F800-4c08-8B7A-83BB121AAD01}</UniqueIdentifier>
      <Extensions>rc;ico;cur;bmp;dlg;rc2;rct;bin;rgs;gif;jpg;jpeg;jpe;resx;tiff;tif;png;wav;mfcribbon-ms</Extensions>
    </Filter>
    <Filter Include="XMLparser">
      <UniqueIdentifier>{e390ec29-775c-46c7-b0ea-bf2bf85786bd}</UniqueIdentifier>
    </Filter>
    <Filter Include="API Header Files">
      <UniqueIdentifier>{93995380-89BD-4b04-88EB-625FBE52EBFB}</UniqueIdentifier>
      <Extensions>h;hh;hpp;hxx;h++;hm;inl;inc;ipp;xsd</Extensions>
    </Filter>
    <Filter Include="Header Files">
      <UniqueIdentifier>{b8890f66-81f1-4ad7-b685-b932e099d450}</UniqueIdentifier>
    </Filter>
    <Filter Include="kubazip">
      <UniqueIdentifier>{97c11bb3-b780-4891-bb36-e827eb1af8e4}</UniqueIdentifier>
    </Filter>
  </ItemGroup>
  <ItemGroup>
    <ClInclude Include="bcfEngine.h">
      <Filter>API Header Files</Filter>
    </ClInclude>
    <ClInclude Include="XMLparser\_errors.h">
      <Filter>XMLparser</Filter>
    </ClInclude>
    <ClInclude Include="XMLparser\_io.h">
      <Filter>XMLparser</Filter>
    </ClInclude>
    <ClInclude Include="XMLparser\_log.h">
      <Filter>XMLparser</Filter>
    </ClInclude>
    <ClInclude Include="XMLparser\_net.h">
      <Filter>XMLparser</Filter>
    </ClInclude>
    <ClInclude Include="XMLparser\_reader.h">
      <Filter>XMLparser</Filter>
    </ClInclude>
    <ClInclude Include="XMLparser\_schema_storage.h">
      <Filter>XMLparser</Filter>
    </ClInclude>
    <ClInclude Include="XMLparser\_serialization.h">
      <Filter>XMLparser</Filter>
    </ClInclude>
    <ClInclude Include="XMLparser\_string.h">
      <Filter>XMLparser</Filter>
    </ClInclude>
    <ClInclude Include="XMLparser\_time.h">
      <Filter>XMLparser</Filter>
    </ClInclude>
    <ClInclude Include="XMLparser\_xml.h">
      <Filter>XMLparser</Filter>
    </ClInclude>
    <ClInclude Include="bcfTypes.h">
      <Filter>API Header Files</Filter>
    </ClInclude>
    <ClInclude Include="bcfAPI.h">
      <Filter>API Header Files</Filter>
    </ClInclude>
    <ClInclude Include="Implementation\Archivator.h">
      <Filter>Header Files</Filter>
    </ClInclude>
    <ClInclude Include="Implementation\BimSnippet.h">
      <Filter>Header Files</Filter>
    </ClInclude>
    <ClInclude Include="Implementation\Bitmap.h">
      <Filter>Header Files</Filter>
    </ClInclude>
    <ClInclude Include="Implementation\ClippingPlane.h">
      <Filter>Header Files</Filter>
    </ClInclude>
    <ClInclude Include="Implementation\Coloring.h">
      <Filter>Header Files</Filter>
    </ClInclude>
    <ClInclude Include="Implementation\Comment.h">
      <Filter>Header Files</Filter>
    </ClInclude>
    <ClInclude Include="Implementation\Component.h">
      <Filter>Header Files</Filter>
    </ClInclude>
    <ClInclude Include="Implementation\DocumentReference.h">
      <Filter>Header Files</Filter>
    </ClInclude>
    <ClInclude Include="Implementation\BimFile.h">
      <Filter>Header Files</Filter>
    </ClInclude>
    <ClInclude Include="Implementation\Line.h">
      <Filter>Header Files</Filter>
    </ClInclude>
    <ClInclude Include="Implementation\BCFObject.h">
      <Filter>Header Files</Filter>
    </ClInclude>
    <ClInclude Include="Implementation\Project.h">
      <Filter>Header Files</Filter>
    </ClInclude>
    <ClInclude Include="Implementation\Topic.h">
      <Filter>Header Files</Filter>
    </ClInclude>
    <ClInclude Include="Implementation\ViewPoint.h">
      <Filter>Header Files</Filter>
    </ClInclude>
    <ClInclude Include="Implementation\Documents.h">
      <Filter>Header Files</Filter>
    </ClInclude>
    <ClInclude Include="Implementation\Extensions.h">
      <Filter>Header Files</Filter>
    </ClInclude>
    <ClInclude Include="Implementation\FileSystem.h">
      <Filter>Header Files</Filter>
    </ClInclude>
    <ClInclude Include="Implementation\framework.h">
      <Filter>Header Files</Filter>
    </ClInclude>
    <ClInclude Include="Implementation\GuidReference.h">
      <Filter>Header Files</Filter>
    </ClInclude>
    <ClInclude Include="Implementation\GuidStr.h">
      <Filter>Header Files</Filter>
    </ClInclude>
    <ClInclude Include="Implementation\ListOf.h">
      <Filter>Header Files</Filter>
    </ClInclude>
    <ClInclude Include="Implementation\Log.h">
      <Filter>Header Files</Filter>
    </ClInclude>
    <ClInclude Include="Implementation\pch.h">
      <Filter>Header Files</Filter>
    </ClInclude>
    <ClInclude Include="Implementation\ProjectInfo.h">
      <Filter>Header Files</Filter>
    </ClInclude>
    <ClInclude Include="Implementation\SmokeTest.h">
      <Filter>Header Files</Filter>
    </ClInclude>
    <ClInclude Include="Implementation\Version.h">
      <Filter>Header Files</Filter>
    </ClInclude>
    <ClInclude Include="Implementation\XMLFile.h">
      <Filter>Header Files</Filter>
    </ClInclude>
    <ClInclude Include="Implementation\XMLPoint.h">
      <Filter>Header Files</Filter>
    </ClInclude>
    <ClInclude Include="kubazip\miniz.h">
      <Filter>kubazip</Filter>
    </ClInclude>
    <ClInclude Include="kubazip\zip.h">
      <Filter>kubazip</Filter>
    </ClInclude>
  </ItemGroup>
  <ItemGroup>
    <ClCompile Include="XMLparser\_net.cpp">
      <Filter>XMLparser</Filter>
    </ClCompile>
    <ClCompile Include="XMLparser\_reader.cpp">
      <Filter>XMLparser</Filter>
    </ClCompile>
    <ClCompile Include="XMLparser\_serialization.cpp">
      <Filter>XMLparser</Filter>
    </ClCompile>
    <ClCompile Include="XMLparser\_xml.cpp">
      <Filter>XMLparser</Filter>
    </ClCompile>
    <ClCompile Include="Implementation\Archivator.cpp">
      <Filter>Source Files</Filter>
    </ClCompile>
    <ClCompile Include="Implementation\BimSnippet.cpp">
      <Filter>Source Files</Filter>
    </ClCompile>
    <ClCompile Include="Implementation\Bitmap.cpp">
      <Filter>Source Files</Filter>
    </ClCompile>
    <ClCompile Include="Implementation\ClippingPlane.cpp">
      <Filter>Source Files</Filter>
    </ClCompile>
    <ClCompile Include="Implementation\Coloring.cpp">
      <Filter>Source Files</Filter>
    </ClCompile>
    <ClCompile Include="Implementation\Comment.cpp">
      <Filter>Source Files</Filter>
    </ClCompile>
    <ClCompile Include="Implementation\Component.cpp">
      <Filter>Source Files</Filter>
    </ClCompile>
    <ClCompile Include="Implementation\DocumentReference.cpp">
      <Filter>Source Files</Filter>
    </ClCompile>
    <ClCompile Include="Implementation\bcfEngine.cpp">
      <Filter>Source Files</Filter>
    </ClCompile>
    <ClCompile Include="Implementation\BimFile.cpp">
      <Filter>Source Files</Filter>
    </ClCompile>
    <ClCompile Include="Implementation\Line.cpp">
      <Filter>Source Files</Filter>
    </ClCompile>
    <ClCompile Include="Implementation\BCFObject.cpp">
      <Filter>Source Files</Filter>
    </ClCompile>
    <ClCompile Include="Implementation\Project.cpp">
      <Filter>Source Files</Filter>
    </ClCompile>
    <ClCompile Include="Implementation\Topic.cpp">
      <Filter>Source Files</Filter>
    </ClCompile>
    <ClCompile Include="Implementation\ViewPoint.cpp">
      <Filter>Source Files</Filter>
    </ClCompile>
    <ClCompile Include="Implementation\dllmain.cpp">
      <Filter>Source Files</Filter>
    </ClCompile>
    <ClCompile Include="Implementation\Documents.cpp">
      <Filter>Source Files</Filter>
    </ClCompile>
    <ClCompile Include="Implementation\Extensions.cpp">
      <Filter>Source Files</Filter>
    </ClCompile>
    <ClCompile Include="Implementation\FileSystem.cpp">
      <Filter>Source Files</Filter>
    </ClCompile>
    <ClCompile Include="Implementation\GuidReference.cpp">
      <Filter>Source Files</Filter>
    </ClCompile>
    <ClCompile Include="Implementation\GuidStr.cpp">
      <Filter>Source Files</Filter>
    </ClCompile>
    <ClCompile Include="Implementation\ListOf.cpp">
      <Filter>Source Files</Filter>
    </ClCompile>
    <ClCompile Include="Implementation\Log.cpp">
      <Filter>Source Files</Filter>
    </ClCompile>
    <ClCompile Include="Implementation\pch.cpp">
      <Filter>Source Files</Filter>
    </ClCompile>
    <ClCompile Include="Implementation\ProjectInfo.cpp">
      <Filter>Source Files</Filter>
    </ClCompile>
    <ClCompile Include="Implementation\SmokeTest.cpp">
      <Filter>Source Files</Filter>
    </ClCompile>
    <ClCompile Include="Implementation\Version.cpp">
      <Filter>Source Files</Filter>
    </ClCompile>
    <ClCompile Include="Implementation\XMLFile.cpp">
      <Filter>Source Files</Filter>
    </ClCompile>
    <ClCompile Include="Implementation\XMLPoint.cpp">
      <Filter>Source Files</Filter>
    </ClCompile>
    <ClCompile Include="kubazip\zip.c">
      <Filter>kubazip</Filter>
    </ClCompile>
  </ItemGroup>
  <ItemGroup>
    <None Include="InstallZipLib.bat" />
    <None Include="InstallIfcEngine.bat" />
  </ItemGroup>
</Project>