<?xml version="1.0" encoding="utf-8"?>
<Project ToolsVersion="4.0" xmlns="http://schemas.microsoft.com/developer/msbuild/2003">
  <ItemGroup>
    <Filter Include="Source Files">
      <UniqueIdentifier>{4FC737F1-C7A5-4376-A066-2A32D752A2FF}</UniqueIdentifier>
      <Extensions>cpp;c;cc;cxx;c++;cppm;ixx;def;odl;idl;hpj;bat;asm;asmx</Extensions>
    </Filter>
    <Filter Include="Header Files">
      <UniqueIdentifier>{93995380-89BD-4b04-88EB-625FBE52EBFB}</UniqueIdentifier>
      <Extensions>h;hh;hpp;hxx;h++;hm;inl;inc;ipp;xsd</Extensions>
    </Filter>
    <Filter Include="Resource Files">
      <UniqueIdentifier>{67DA6AB6-F800-4c08-8B7A-83BB121AAD01}</UniqueIdentifier>
      <Extensions>rc;ico;cur;bmp;dlg;rc2;rct;bin;rgs;gif;jpg;jpeg;jpe;resx;tiff;tif;png;wav;mfcribbon-ms</Extensions>
    </Filter>
    <Filter Include="XMLparser">
      <UniqueIdentifier>{e390ec29-775c-46c7-b0ea-bf2bf85786bd}</UniqueIdentifier>
    </Filter>
  </ItemGroup>
  <ItemGroup>
    <ClInclude Include="framework.h">
      <Filter>Header Files</Filter>
    </ClInclude>
    <ClInclude Include="pch.h">
      <Filter>Header Files</Filter>
    </ClInclude>
    <ClInclude Include="Archivator.h">
      <Filter>Header Files</Filter>
    </ClInclude>
    <ClInclude Include="Log.h">
      <Filter>Header Files</Filter>
    </ClInclude>
    <ClInclude Include="BCFProject.h">
      <Filter>Header Files</Filter>
    </ClInclude>
    <ClInclude Include="bcfEngine.h">
      <Filter>Header Files</Filter>
    </ClInclude>
    <ClInclude Include="FileSystem.h">
      <Filter>Header Files</Filter>
    </ClInclude>
    <ClInclude Include="Extensions.h">
      <Filter>Header Files</Filter>
    </ClInclude>
    <ClInclude Include="XMLparser\_errors.h">
      <Filter>XMLparser</Filter>
    </ClInclude>
    <ClInclude Include="XMLparser\_io.h">
      <Filter>XMLparser</Filter>
    </ClInclude>
    <ClInclude Include="XMLparser\_log.h">
      <Filter>XMLparser</Filter>
    </ClInclude>
    <ClInclude Include="XMLparser\_net.h">
      <Filter>XMLparser</Filter>
    </ClInclude>
    <ClInclude Include="XMLparser\_reader.h">
      <Filter>XMLparser</Filter>
    </ClInclude>
    <ClInclude Include="XMLparser\_schema_storage.h">
      <Filter>XMLparser</Filter>
    </ClInclude>
    <ClInclude Include="XMLparser\_serialization.h">
      <Filter>XMLparser</Filter>
    </ClInclude>
    <ClInclude Include="XMLparser\_string.h">
      <Filter>XMLparser</Filter>
    </ClInclude>
    <ClInclude Include="XMLparser\_time.h">
      <Filter>XMLparser</Filter>
    </ClInclude>
    <ClInclude Include="XMLparser\_xml.h">
      <Filter>XMLparser</Filter>
    </ClInclude>
    <ClInclude Include="Version.h">
      <Filter>Header Files</Filter>
    </ClInclude>
    <ClInclude Include="ProjectInfo.h">
      <Filter>Header Files</Filter>
    </ClInclude>
    <ClInclude Include="XMLFile.h">
      <Filter>Header Files</Filter>
    </ClInclude>
    <ClInclude Include="BCFTopic.h">
      <Filter>Header Files</Filter>
    </ClInclude>
    <ClInclude Include="GuidStr.h">
      <Filter>Header Files</Filter>
    </ClInclude>
    <ClInclude Include="BCFFile.h">
      <Filter>Header Files</Filter>
    </ClInclude>
    <ClInclude Include="BCFComment.h">
      <Filter>Header Files</Filter>
    </ClInclude>
    <ClInclude Include="BCFViewPoint.h">
      <Filter>Header Files</Filter>
    </ClInclude>
    <ClInclude Include="BCFBimSnippet.h">
      <Filter>Header Files</Filter>
    </ClInclude>
    <ClInclude Include="BCFDocumentReference.h">
      <Filter>Header Files</Filter>
    </ClInclude>
    <ClInclude Include="BCFLine.h">
      <Filter>Header Files</Filter>
    </ClInclude>
    <ClInclude Include="BCFClippingPlane.h">
      <Filter>Header Files</Filter>
    </ClInclude>
    <ClInclude Include="BCFBitmap.h">
      <Filter>Header Files</Filter>
    </ClInclude>
    <ClInclude Include="XMLPoint.h">
      <Filter>Header Files</Filter>
    </ClInclude>
    <ClInclude Include="BCFComponent.h">
      <Filter>Header Files</Filter>
    </ClInclude>
    <ClInclude Include="BCFColoring.h">
      <Filter>Header Files</Filter>
    </ClInclude>
    <ClInclude Include="bcfTypes.h">
      <Filter>Header Files</Filter>
    </ClInclude>
    <ClInclude Include="BCFObject.h">
      <Filter>Header Files</Filter>
    </ClInclude>
    <ClInclude Include="GuidReference.h">
      <Filter>Header Files</Filter>
    </ClInclude>
    <ClInclude Include="ListOf.h">
      <Filter>Header Files</Filter>
    </ClInclude>
    <ClInclude Include="SmokeTest.h">
      <Filter>Header Files</Filter>
    </ClInclude>
  </ItemGroup>
  <ItemGroup>
    <ClCompile Include="dllmain.cpp">
      <Filter>Source Files</Filter>
    </ClCompile>
    <ClCompile Include="pch.cpp">
      <Filter>Source Files</Filter>
    </ClCompile>
    <ClCompile Include="Archivator.cpp">
      <Filter>Source Files</Filter>
    </ClCompile>
    <ClCompile Include="Log.cpp">
      <Filter>Source Files</Filter>
    </ClCompile>
    <ClCompile Include="BCFProject.cpp">
      <Filter>Source Files</Filter>
    </ClCompile>
    <ClCompile Include="bcfEngine.cpp">
      <Filter>Source Files</Filter>
    </ClCompile>
    <ClCompile Include="FileSystem.cpp">
      <Filter>Source Files</Filter>
    </ClCompile>
    <ClCompile Include="Extensions.cpp">
      <Filter>Source Files</Filter>
    </ClCompile>
    <ClCompile Include="XMLparser\_net.cpp">
      <Filter>XMLparser</Filter>
    </ClCompile>
    <ClCompile Include="XMLparser\_reader.cpp">
      <Filter>XMLparser</Filter>
    </ClCompile>
    <ClCompile Include="XMLparser\_serialization.cpp">
      <Filter>XMLparser</Filter>
    </ClCompile>
    <ClCompile Include="XMLparser\_xml.cpp">
      <Filter>XMLparser</Filter>
    </ClCompile>
    <ClCompile Include="Version.cpp">
      <Filter>Source Files</Filter>
    </ClCompile>
    <ClCompile Include="ProjectInfo.cpp">
      <Filter>Source Files</Filter>
    </ClCompile>
    <ClCompile Include="XMLFile.cpp">
      <Filter>Source Files</Filter>
    </ClCompile>
    <ClCompile Include="BCFTopic.cpp">
      <Filter>Source Files</Filter>
    </ClCompile>
    <ClCompile Include="GuidStr.cpp">
      <Filter>Source Files</Filter>
    </ClCompile>
    <ClCompile Include="BCFFile.cpp">
      <Filter>Source Files</Filter>
    </ClCompile>
    <ClCompile Include="BCFComment.cpp">
      <Filter>Source Files</Filter>
    </ClCompile>
    <ClCompile Include="BCFViewPoint.cpp">
      <Filter>Source Files</Filter>
    </ClCompile>
    <ClCompile Include="XMLPoint.cpp">
      <Filter>Source Files</Filter>
    </ClCompile>
    <ClCompile Include="BCFComponent.cpp">
      <Filter>Source Files</Filter>
    </ClCompile>
    <ClCompile Include="BCFObject.cpp">
      <Filter>Source Files</Filter>
    </ClCompile>
    <ClCompile Include="GuidReference.cpp">
      <Filter>Source Files</Filter>
    </ClCompile>
    <ClCompile Include="ListOf.cpp">
      <Filter>Source Files</Filter>
    </ClCompile>
    <ClCompile Include="SmokeTest.cpp">
      <Filter>Source Files</Filter>
    </ClCompile>
    <ClCompile Include="BCFDocumentReference.cpp">
      <Filter>Source Files</Filter>
    </ClCompile>
    <ClCompile Include="BCFColoring.cpp">
      <Filter>Source Files</Filter>
    </ClCompile>
    <ClCompile Include="BCFBimSnippet.cpp">
      <Filter>Source Files</Filter>
    </ClCompile>
    <ClCompile Include="BCFBitmap.cpp">
      <Filter>Source Files</Filter>
    </ClCompile>
    <ClCompile Include="BCFLine.cpp">
      <Filter>Source Files</Filter>
    </ClCompile>
    <ClCompile Include="BCFClippingPlane.cpp">
      <Filter>Source Files</Filter>
    </ClCompile>
  </ItemGroup>
  <ItemGroup>
    <None Include="InstallZipLib.bat" />
  </ItemGroup>
</Project>